{
	"name": "ionic-logging-viewer",
	"version": "17.0.0",
	"lockfileVersion": 3,
	"requires": true,
	"packages": {
		"": {
			"name": "ionic-logging-viewer",
			"version": "17.0.0",
			"license": "MIT",
			"dependencies": {
				"tslib": "^2.3.1"
			},
			"peerDependencies": {
				"@angular/common": ">=17.0.0",
				"@angular/core": ">=17.0.0",
				"@ionic/angular": "^7.0.0",
				"ionic-logging-service": "^18.0.0",
				"ionicons": "^7.0.0"
			}
		},
		"../ionic-logging-service": {
			"version": "18.0.0",
			"license": "MIT",
			"peer": true,
			"dependencies": {
				"log4javascript": "^1.4.16",
				"tslib": "^2.3.1"
			},
			"peerDependencies": {
				"@angular/common": ">=17.0.0",
				"@angular/core": ">=17.0.0"
			}
		},
		"node_modules/@angular/common": {
			"version": "17.2.2",
			"resolved": "https://registry.npmjs.org/@angular/common/-/common-17.2.2.tgz",
			"integrity": "sha512-F2wQj/lYcZUNZuNmuuDb8RK8tU7e1w7IzN8J6nT2gQHq6NiZfYiUL2XrToGtdd/cZjBeYKGiWRBW/PsZzKyC3A==",
			"peer": true,
			"dependencies": {
				"tslib": "^2.3.0"
			},
			"engines": {
				"node": "^18.13.0 || >=20.9.0"
			},
			"peerDependencies": {
				"@angular/core": "17.2.2",
				"rxjs": "^6.5.3 || ^7.4.0"
			}
		},
		"node_modules/@angular/core": {
			"version": "17.2.2",
			"resolved": "https://registry.npmjs.org/@angular/core/-/core-17.2.2.tgz",
			"integrity": "sha512-jXnrOVsA9b34PJN383EOss3ejd5+xUTeijuUy5njPRXpxMxrGjV5gkk0lSxsALRxw2ICax2tMoGmHXfXO1x9gw==",
			"peer": true,
			"dependencies": {
				"tslib": "^2.3.0"
			},
			"engines": {
				"node": "^18.13.0 || >=20.9.0"
			},
			"peerDependencies": {
				"rxjs": "^6.5.3 || ^7.4.0",
				"zone.js": "~0.14.0"
			}
		},
		"node_modules/@angular/forms": {
			"version": "17.2.2",
			"resolved": "https://registry.npmjs.org/@angular/forms/-/forms-17.2.2.tgz",
			"integrity": "sha512-xxy1Khpun2TpSDQch6BK4uHkqIxZvxsBU2LZgo/3W604lKoVjBGKPZqoYFRew2OPeCQ3VjK9P8a8ZhitsLLlKQ==",
			"peer": true,
			"dependencies": {
				"tslib": "^2.3.0"
			},
			"engines": {
				"node": "^18.13.0 || >=20.9.0"
			},
			"peerDependencies": {
				"@angular/common": "17.2.2",
				"@angular/core": "17.2.2",
				"@angular/platform-browser": "17.2.2",
				"rxjs": "^6.5.3 || ^7.4.0"
			}
		},
		"node_modules/@angular/platform-browser": {
			"version": "17.2.2",
			"resolved": "https://registry.npmjs.org/@angular/platform-browser/-/platform-browser-17.2.2.tgz",
			"integrity": "sha512-6AZhQfZpo/apiRKwhy6es1RpoxgCXMR4y7Eo7GvVHpMKBwioWwP2H+qg83ed2xv0/GXIyqZsHjpEjsLPE83uyw==",
			"peer": true,
			"dependencies": {
				"tslib": "^2.3.0"
			},
			"engines": {
				"node": "^18.13.0 || >=20.9.0"
			},
			"peerDependencies": {
				"@angular/animations": "17.2.2",
				"@angular/common": "17.2.2",
				"@angular/core": "17.2.2"
			},
			"peerDependenciesMeta": {
				"@angular/animations": {
					"optional": true
				}
			}
		},
		"node_modules/@angular/router": {
			"version": "17.2.2",
			"resolved": "https://registry.npmjs.org/@angular/router/-/router-17.2.2.tgz",
			"integrity": "sha512-3mT2+qBF8urFeY6eZVZX5bmAdK9ojJRZi7yB9ocpieE1Jdd/1NYCfIsQxJk032syEGc2NJftijTzuNiflLzlTA==",
			"peer": true,
			"dependencies": {
				"tslib": "^2.3.0"
			},
			"engines": {
				"node": "^18.13.0 || >=20.9.0"
			},
			"peerDependencies": {
				"@angular/common": "17.2.2",
				"@angular/core": "17.2.2",
				"@angular/platform-browser": "17.2.2",
				"rxjs": "^6.5.3 || ^7.4.0"
			}
		},
		"node_modules/@ionic/angular": {
			"version": "7.7.3",
			"resolved": "https://registry.npmjs.org/@ionic/angular/-/angular-7.7.3.tgz",
			"integrity": "sha512-PddWNoF+VgiHJ8iYXK7NojjfEOILB6VzYvOaZ4Lgs5jIKtiDhl2el+doVGauYjWplD8P4CUA+jndMVo3Y/AGyA==",
			"peer": true,
			"dependencies": {
				"@ionic/core": "7.7.3",
				"ionicons": "^7.0.0",
				"jsonc-parser": "^3.0.0",
				"tslib": "^2.3.0"
			},
			"peerDependencies": {
				"@angular/core": ">=14.0.0",
				"@angular/forms": ">=14.0.0",
				"@angular/router": ">=14.0.0",
				"rxjs": ">=7.5.0",
				"zone.js": ">=0.11.0"
			}
		},
		"node_modules/@ionic/core": {
			"version": "7.7.3",
			"resolved": "https://registry.npmjs.org/@ionic/core/-/core-7.7.3.tgz",
			"integrity": "sha512-DSv6DPuiLU2MXsgDAXKFJW5OXxT7EyPy2jcQf03RcWooWeFryy979mqotPw7BgUuWt/fVGuz2tl3peAJGSqmDQ==",
			"peer": true,
			"dependencies": {
				"@stencil/core": "^4.12.2",
				"ionicons": "^7.2.2",
				"tslib": "^2.1.0"
			}
		},
		"node_modules/@stencil/core": {
			"version": "4.12.3",
			"resolved": "https://registry.npmjs.org/@stencil/core/-/core-4.12.3.tgz",
			"integrity": "sha512-9XkE9i2aXPlApMNeq3tbVHKx0eAfDc7QGyIl6t5NMuQFTOGL5Xd1soF38d+hCIDpUoUUtY7jXWg+iFrlrMzQhg==",
			"peer": true,
			"bin": {
				"stencil": "bin/stencil"
			},
			"engines": {
				"node": ">=16.0.0",
				"npm": ">=7.10.0"
			}
		},
		"node_modules/ionic-logging-service": {
			"resolved": "../ionic-logging-service",
			"link": true
		},
		"node_modules/ionicons": {
			"version": "7.2.2",
			"resolved": "https://registry.npmjs.org/ionicons/-/ionicons-7.2.2.tgz",
			"integrity": "sha512-I3iYIfc9Q9FRifWyFSwTAvbEABWlWY32i0sAVDDPGYnaIZVugkLCZFbEcrphW6ixVPg8tt1oLwalo/JJwbEqnA==",
			"peer": true,
			"dependencies": {
				"@stencil/core": "^4.0.3"
			}
		},
		"node_modules/jsonc-parser": {
			"version": "3.2.1",
			"resolved": "https://registry.npmjs.org/jsonc-parser/-/jsonc-parser-3.2.1.tgz",
			"integrity": "sha512-AilxAyFOAcK5wA1+LeaySVBrHsGQvUFCDWXKpZjzaL0PqW+xfBOttn8GNtWKFWqneyMZj41MWF9Kl6iPWLwgOA==",
			"peer": true
		},
		"node_modules/rxjs": {
			"version": "7.8.1",
			"resolved": "https://registry.npmjs.org/rxjs/-/rxjs-7.8.1.tgz",
			"integrity": "sha512-AA3TVj+0A2iuIoQkWEK/tqFjBq2j+6PO6Y0zJcvzLAFhEFIO3HL0vls9hWLncZbAAbK0mar7oZ4V079I/qPMxg==",
			"peer": true,
			"dependencies": {
				"tslib": "^2.1.0"
			}
		},
		"node_modules/tslib": {
			"version": "2.6.2",
			"resolved": "https://registry.npmjs.org/tslib/-/tslib-2.6.2.tgz",
			"integrity": "sha512-AEYxH93jGFPn/a2iVAwW87VuUIkR1FVUKB77NwMF7nBTDkDrrT/Hpt/IrCJ0QXhW27jTBDcf5ZY7w6RiqTMw2Q=="
		},
		"node_modules/zone.js": {
			"version": "0.14.4",
			"resolved": "https://registry.npmjs.org/zone.js/-/zone.js-0.14.4.tgz",
			"integrity": "sha512-NtTUvIlNELez7Q1DzKVIFZBzNb646boQMgpATo9z3Ftuu/gWvzxCW7jdjcUDoRGxRikrhVHB/zLXh1hxeJawvw==",
			"peer": true,
			"dependencies": {
				"tslib": "^2.3.0"
			}
		}
	}
}
